
Microsoft Visual Studio Solution File, Format Version 12.00
# Visual Studio Version 17
VisualStudioVersion = 17.10.34928.147
MinimumVisualStudioVersion = 10.0.40219.1
Project("{FAE04EC0-301F-11D3-BF4B-00C04F79EFBC}") = "KelimeTahmin", "KelimeTahmin\KelimeTahmin.csproj", "{73613D3F-3920-4CCF-8703-ADA99FE79109}"
EndProject
Global
	GlobalSection(SolutionConfigurationPlatforms) = preSolution
		Debug|Any CPU = Debug|Any CPU
		Release|Any CPU = Release|Any CPU
	EndGlobalSection
	GlobalSection(ProjectConfigurationPlatforms) = postSolution
		{73613D3F-3920-4CCF-8703-ADA99FE79109}.Debug|Any CPU.ActiveCfg = Debug|Any CPU
		{73613D3F-3920-4CCF-8703-ADA99FE79109}.Debug|Any CPU.Build.0 = Debug|Any CPU
		{73613D3F-3920-4CCF-8703-ADA99FE79109}.Release|Any CPU.ActiveCfg = Release|Any CPU
		{73613D3F-3920-4CCF-8703-ADA99FE79109}.Release|Any CPU.Build.0 = Release|Any CPU
	EndGlobalSection
	GlobalSection(SolutionProperties) = preSolution
		HideSolutionNode = FALSE
	EndGlobalSection
	GlobalSection(ExtensibilityGlobals) = postSolution
		SolutionGuid = {CD8C1EAE-73CC-426D-87BC-1B750EF688DF}
	EndGlobalSection
EndGlobal
